
Microsoft Visual Studio Solution File, Format Version 12.00
# Visual Studio Version 17
VisualStudioVersion = 17.3.32929.385
MinimumVisualStudioVersion = 10.0.40219.1
Project("{FAE04EC0-301F-11D3-BF4B-00C04F79EFBC}") = "WindowsFormsApp2", "WindowsFormsApp2.csproj", "{F607B9DF-3AD4-4B38-8519-9BBFCB7A77E3}"
EndProject
Global
	GlobalSection(SolutionConfigurationPlatforms) = preSolution
		Debug|Any CPU = Debug|Any CPU
		Release|Any CPU = Release|Any CPU
	EndGlobalSection
	GlobalSection(ProjectConfigurationPlatforms) = postSolution
		{F607B9DF-3AD4-4B38-8519-9BBFCB7A77E3}.Debug|Any CPU.ActiveCfg = Debug|Any CPU
		{F607B9DF-3AD4-4B38-8519-9BBFCB7A77E3}.Debug|Any CPU.Build.0 = Debug|Any CPU
		{F607B9DF-3AD4-4B38-8519-9BBFCB7A77E3}.Release|Any CPU.ActiveCfg = Release|Any CPU
		{F607B9DF-3AD4-4B38-8519-9BBFCB7A77E3}.Release|Any CPU.Build.0 = Release|Any CPU
	EndGlobalSection
	GlobalSection(SolutionProperties) = preSolution
		HideSolutionNode = FALSE
	EndGlobalSection
	GlobalSection(ExtensibilityGlobals) = postSolution
		SolutionGuid = {78C936EC-ABCE-4BE7-899F-FBD2CA9D2339}
	EndGlobalSection
EndGlobal
